// !$*UTF8*$!
{
	archiveVersion = 1;
	classes = {
	};
	objectVersion = 50;
	objects = {

/* Begin PBXBuildFile section */
		D04630FB21C1E76600F76826 /* Extensions.swift in Sources */ = {isa = PBXBuildFile; fileRef = D04630FA21C1E76600F76826 /* Extensions.swift */; };
		D04630FD21C2D15300F76826 /* Question.swift in Sources */ = {isa = PBXBuildFile; fileRef = D04630FC21C2D15200F76826 /* Question.swift */; };
		D04630FF21C2D47200F76826 /* QuestionsFactory.swift in Sources */ = {isa = PBXBuildFile; fileRef = D04630FE21C2D47200F76826 /* QuestionsFactory.swift */; };
		D046310121C3D54D00F76826 /* QuestionsBank.plist in Resources */ = {isa = PBXBuildFile; fileRef = D046310021C3D54D00F76826 /* QuestionsBank.plist */; };
		D06DC10321BECCFF00CF99AB /* AppDelegate.swift in Sources */ = {isa = PBXBuildFile; fileRef = D06DC10221BECCFF00CF99AB /* AppDelegate.swift */; };
		D06DC10521BECCFF00CF99AB /* ViewController.swift in Sources */ = {isa = PBXBuildFile; fileRef = D06DC10421BECCFF00CF99AB /* ViewController.swift */; };
		D06DC10821BECCFF00CF99AB /* Main.storyboard in Resources */ = {isa = PBXBuildFile; fileRef = D06DC10621BECCFF00CF99AB /* Main.storyboard */; };
		D06DC10A21BECD0300CF99AB /* Assets.xcassets in Resources */ = {isa = PBXBuildFile; fileRef = D06DC10921BECD0300CF99AB /* Assets.xcassets */; };
		D06DC10D21BECD0300CF99AB /* LaunchScreen.storyboard in Resources */ = {isa = PBXBuildFile; fileRef = D06DC10B21BECD0300CF99AB /* LaunchScreen.storyboard */; };
		D0FB380521C5367900DBA6EF /* ProgressHUD.bundle in Resources */ = {isa = PBXBuildFile; fileRef = D0FB380221C5367800DBA6EF /* ProgressHUD.bundle */; };
		D0FB380621C5367900DBA6EF /* ProgressHUD.m in Sources */ = {isa = PBXBuildFile; fileRef = D0FB380421C5367900DBA6EF /* ProgressHUD.m */; };
/* End PBXBuildFile section */

/* Begin PBXFileReference section */
		D04630FA21C1E76600F76826 /* Extensions.swift */ = {isa = PBXFileReference; fileEncoding = 4; lastKnownFileType = sourcecode.swift; path = Extensions.swift; sourceTree = "<group>"; };
		D04630FC21C2D15200F76826 /* Question.swift */ = {isa = PBXFileReference; lastKnownFileType = sourcecode.swift; path = Question.swift; sourceTree = "<group>"; };
		D04630FE21C2D47200F76826 /* QuestionsFactory.swift */ = {isa = PBXFileReference; lastKnownFileType = sourcecode.swift; path = QuestionsFactory.swift; sourceTree = "<group>"; };
		D046310021C3D54D00F76826 /* QuestionsBank.plist */ = {isa = PBXFileReference; lastKnownFileType = text.plist.xml; path = QuestionsBank.plist; sourceTree = "<group>"; };
		D06DC0FF21BECCFF00CF99AB /* curiOsity.app */ = {isa = PBXFileReference; explicitFileType = wrapper.application; includeInIndex = 0; path = curiOsity.app; sourceTree = BUILT_PRODUCTS_DIR; };
		D06DC10221BECCFF00CF99AB /* AppDelegate.swift */ = {isa = PBXFileReference; lastKnownFileType = sourcecode.swift; path = AppDelegate.swift; sourceTree = "<group>"; };
		D06DC10421BECCFF00CF99AB /* ViewController.swift */ = {isa = PBXFileReference; lastKnownFileType = sourcecode.swift; path = ViewController.swift; sourceTree = "<group>"; };
		D06DC10721BECCFF00CF99AB /* Base */ = {isa = PBXFileReference; lastKnownFileType = file.storyboard; name = Base; path = Base.lproj/Main.storyboard; sourceTree = "<group>"; };
		D06DC10921BECD0300CF99AB /* Assets.xcassets */ = {isa = PBXFileReference; lastKnownFileType = folder.assetcatalog; path = Assets.xcassets; sourceTree = "<group>"; };
		D06DC10C21BECD0300CF99AB /* Base */ = {isa = PBXFileReference; lastKnownFileType = file.storyboard; name = Base; path = Base.lproj/LaunchScreen.storyboard; sourceTree = "<group>"; };
		D06DC10E21BECD0300CF99AB /* Info.plist */ = {isa = PBXFileReference; lastKnownFileType = text.plist.xml; path = Info.plist; sourceTree = "<group>"; };
		D0FB380121C5367700DBA6EF /* curiOsity-Bridging-Header.h */ = {isa = PBXFileReference; lastKnownFileType = sourcecode.c.h; path = "curiOsity-Bridging-Header.h"; sourceTree = "<group>"; };
		D0FB380221C5367800DBA6EF /* ProgressHUD.bundle */ = {isa = PBXFileReference; lastKnownFileType = "wrapper.plug-in"; path = ProgressHUD.bundle; sourceTree = "<group>"; };
		D0FB380321C5367800DBA6EF /* ProgressHUD.h */ = {isa = PBXFileReference; fileEncoding = 4; lastKnownFileType = sourcecode.c.h; path = ProgressHUD.h; sourceTree = "<group>"; };
		D0FB380421C5367900DBA6EF /* ProgressHUD.m */ = {isa = PBXFileReference; fileEncoding = 4; lastKnownFileType = sourcecode.c.objc; path = ProgressHUD.m; sourceTree = "<group>"; };
/* End PBXFileReference section */

/* Begin PBXFrameworksBuildPhase section */
		D06DC0FC21BECCFF00CF99AB /* Frameworks */ = {
			isa = PBXFrameworksBuildPhase;
			buildActionMask = 2147483647;
			files = (
			);
			runOnlyForDeploymentPostprocessing = 0;
		};
/* End PBXFrameworksBuildPhase section */

/* Begin PBXGroup section */
		D06DC0F621BECCFF00CF99AB = {
			isa = PBXGroup;
			children = (
				D06DC10121BECCFF00CF99AB /* curiOsity */,
				D06DC10021BECCFF00CF99AB /* Products */,
			);
			sourceTree = "<group>";
		};
		D06DC10021BECCFF00CF99AB /* Products */ = {
			isa = PBXGroup;
			children = (
				D06DC0FF21BECCFF00CF99AB /* curiOsity.app */,
			);
			name = Products;
			sourceTree = "<group>";
		};
		D06DC10121BECCFF00CF99AB /* curiOsity */ = {
			isa = PBXGroup;
			children = (
				D06DC11621BFBBCD00CF99AB /* Model */,
				D06DC11521BED67700CF99AB /* View */,
				D06DC11421BED66900CF99AB /* Controller */,
				D06DC11721BFBBD600CF99AB /* Supporting */,
			);
			path = curiOsity;
			sourceTree = "<group>";
		};
		D06DC11421BED66900CF99AB /* Controller */ = {
			isa = PBXGroup;
			children = (
				D06DC10221BECCFF00CF99AB /* AppDelegate.swift */,
				D06DC10421BECCFF00CF99AB /* ViewController.swift */,
			);
			path = Controller;
			sourceTree = "<group>";
		};
		D06DC11521BED67700CF99AB /* View */ = {
			isa = PBXGroup;
			children = (
				D06DC10621BECCFF00CF99AB /* Main.storyboard */,
				D04630FA21C1E76600F76826 /* Extensions.swift */,
				D06DC10921BECD0300CF99AB /* Assets.xcassets */,
			);
			path = View;
			sourceTree = "<group>";
		};
		D06DC11621BFBBCD00CF99AB /* Model */ = {
			isa = PBXGroup;
			children = (
				D04630FC21C2D15200F76826 /* Question.swift */,
				D04630FE21C2D47200F76826 /* QuestionsFactory.swift */,
			);
			path = Model;
			sourceTree = "<group>";
		};
		D06DC11721BFBBD600CF99AB /* Supporting */ = {
			isa = PBXGroup;
			children = (
				D06DC10B21BECD0300CF99AB /* LaunchScreen.storyboard */,
				D06DC10E21BECD0300CF99AB /* Info.plist */,
				D046310021C3D54D00F76826 /* QuestionsBank.plist */,
				D0FB380221C5367800DBA6EF /* ProgressHUD.bundle */,
				D0FB380321C5367800DBA6EF /* ProgressHUD.h */,
				D0FB380421C5367900DBA6EF /* ProgressHUD.m */,
				D0FB380121C5367700DBA6EF /* curiOsity-Bridging-Header.h */,
			);
			path = Supporting;
			sourceTree = "<group>";
		};
/* End PBXGroup section */

/* Begin PBXNativeTarget section */
		D06DC0FE21BECCFF00CF99AB /* curiOsity */ = {
			isa = PBXNativeTarget;
			buildConfigurationList = D06DC11121BECD0300CF99AB /* Build configuration list for PBXNativeTarget "curiOsity" */;
			buildPhases = (
				D06DC0FB21BECCFF00CF99AB /* Sources */,
				D06DC0FC21BECCFF00CF99AB /* Frameworks */,
				D06DC0FD21BECCFF00CF99AB /* Resources */,
			);
			buildRules = (
			);
			dependencies = (
			);
			name = curiOsity;
			productName = curiOsity;
			productReference = D06DC0FF21BECCFF00CF99AB /* curiOsity.app */;
			productType = "com.apple.product-type.application";
		};
/* End PBXNativeTarget section */

/* Begin PBXProject section */
		D06DC0F721BECCFF00CF99AB /* Project object */ = {
			isa = PBXProject;
			attributes = {
				LastSwiftUpdateCheck = 1010;
				LastUpgradeCheck = 1010;
				ORGANIZATIONNAME = superw;
				TargetAttributes = {
					D06DC0FE21BECCFF00CF99AB = {
						CreatedOnToolsVersion = 10.1;
						LastSwiftMigration = 1010;
					};
				};
			};
			buildConfigurationList = D06DC0FA21BECCFF00CF99AB /* Build configuration list for PBXProject "curiOsity" */;
			compatibilityVersion = "Xcode 9.3";
			developmentRegion = en;
			hasScannedForEncodings = 0;
			knownRegions = (
				en,
				Base,
			);
			mainGroup = D06DC0F621BECCFF00CF99AB;
			productRefGroup = D06DC10021BECCFF00CF99AB /* Products */;
			projectDirPath = "";
			projectRoot = "";
			targets = (
				D06DC0FE21BECCFF00CF99AB /* curiOsity */,
			);
		};
/* End PBXProject section */

/* Begin PBXResourcesBuildPhase section */
		D06DC0FD21BECCFF00CF99AB /* Resources */ = {
			isa = PBXResourcesBuildPhase;
			buildActionMask = 2147483647;
			files = (
				D046310121C3D54D00F76826 /* QuestionsBank.plist in Resources */,
				D06DC10D21BECD0300CF99AB /* LaunchScreen.storyboard in Resources */,
				D06DC10A21BECD0300CF99AB /* Assets.xcassets in Resources */,
				D0FB380521C5367900DBA6EF /* ProgressHUD.bundle in Resources */,
				D06DC10821BECCFF00CF99AB /* Main.storyboard in Resources */,
			);
			runOnlyForDeploymentPostprocessing = 0;
		};
/* End PBXResourcesBuildPhase section */

/* Begin PBXSourcesBuildPhase section */
		D06DC0FB21BECCFF00CF99AB /* Sources */ = {
			isa = PBXSourcesBuildPhase;
			buildActionMask = 2147483647;
			files = (
				D0FB380621C5367900DBA6EF /* ProgressHUD.m in Sources */,
				D06DC10521BECCFF00CF99AB /* ViewController.swift in Sources */,
				D04630FF21C2D47200F76826 /* QuestionsFactory.swift in Sources */,
				D04630FD21C2D15300F76826 /* Question.swift in Sources */,
				D04630FB21C1E76600F76826 /* Extensions.swift in Sources */,
				D06DC10321BECCFF00CF99AB /* AppDelegate.swift in Sources */,
			);
			runOnlyForDeploymentPostprocessing = 0;
		};
/* End PBXSourcesBuildPhase section */

/* Begin PBXVariantGroup section */
		D06DC10621BECCFF00CF99AB /* Main.storyboard */ = {
			isa = PBXVariantGroup;
			children = (
				D06DC10721BECCFF00CF99AB /* Base */,
			);
			name = Main.storyboard;
			sourceTree = "<group>";
		};
		D06DC10B21BECD0300CF99AB /* LaunchScreen.storyboard */ = {
			isa = PBXVariantGroup;
			children = (
				D06DC10C21BECD0300CF99AB /* Base */,
			);
			name = LaunchScreen.storyboard;
			sourceTree = "<group>";
		};
/* End PBXVariantGroup section */

/* Begin XCBuildConfiguration section */
		D06DC10F21BECD0300CF99AB /* Debug */ = {
			isa = XCBuildConfiguration;
			buildSettings = {
				ALWAYS_SEARCH_USER_PATHS = NO;
				CLANG_ANALYZER_NONNULL = YES;
				CLANG_ANALYZER_NUMBER_OBJECT_CONVERSION = YES_AGGRESSIVE;
				CLANG_CXX_LANGUAGE_STANDARD = "gnu++14";
				CLANG_CXX_LIBRARY = "libc++";
				CLANG_ENABLE_MODULES = YES;
				CLANG_ENABLE_OBJC_ARC = YES;
				CLANG_ENABLE_OBJC_WEAK = YES;
				CLANG_WARN_BLOCK_CAPTURE_AUTORELEASING = YES;
				CLANG_WARN_BOOL_CONVERSION = YES;
				CLANG_WARN_COMMA = YES;
				CLANG_WARN_CONSTANT_CONVERSION = YES;
				CLANG_WARN_DEPRECATED_OBJC_IMPLEMENTATIONS = YES;
				CLANG_WARN_DIRECT_OBJC_ISA_USAGE = YES_ERROR;
				CLANG_WARN_DOCUMENTATION_COMMENTS = YES;
				CLANG_WARN_EMPTY_BODY = YES;
				CLANG_WARN_ENUM_CONVERSION = YES;
				CLANG_WARN_INFINITE_RECURSION = YES;
				CLANG_WARN_INT_CONVERSION = YES;
				CLANG_WARN_NON_LITERAL_NULL_CONVERSION = YES;
				CLANG_WARN_OBJC_IMPLICIT_RETAIN_SELF = YES;
				CLANG_WARN_OBJC_LITERAL_CONVERSION = YES;
				CLANG_WARN_OBJC_ROOT_CLASS = YES_ERROR;
				CLANG_WARN_RANGE_LOOP_ANALYSIS = YES;
				CLANG_WARN_STRICT_PROTOTYPES = YES;
				CLANG_WARN_SUSPICIOUS_MOVE = YES;
				CLANG_WARN_UNGUARDED_AVAILABILITY = YES_AGGRESSIVE;
				CLANG_WARN_UNREACHABLE_CODE = YES;
				CLANG_WARN__DUPLICATE_METHOD_MATCH = YES;
				CODE_SIGN_IDENTITY = "iPhone Developer";
				COPY_PHASE_STRIP = NO;
				DEBUG_INFORMATION_FORMAT = dwarf;
				ENABLE_STRICT_OBJC_MSGSEND = YES;
				ENABLE_TESTABILITY = YES;
				GCC_C_LANGUAGE_STANDARD = gnu11;
				GCC_DYNAMIC_NO_PIC = NO;
				GCC_NO_COMMON_BLOCKS = YES;
				GCC_OPTIMIZATION_LEVEL = 0;
				GCC_PREPROCESSOR_DEFINITIONS = (
					"DEBUG=1",
					"$(inherited)",
				);
				GCC_WARN_64_TO_32_BIT_CONVERSION = YES;
				GCC_WARN_ABOUT_RETURN_TYPE = YES_ERROR;
				GCC_WARN_UNDECLARED_SELECTOR = YES;
				GCC_WARN_UNINITIALIZED_AUTOS = YES_AGGRESSIVE;
				GCC_WARN_UNUSED_FUNCTION = YES;
				GCC_WARN_UNUSED_VARIABLE = YES;
				IPHONEOS_DEPLOYMENT_TARGET = 12.1;
				MTL_ENABLE_DEBUG_INFO = INCLUDE_SOURCE;
				MTL_FAST_MATH = YES;
				ONLY_ACTIVE_ARCH = YES;
				SDKROOT = iphoneos;
				SWIFT_ACTIVE_COMPILATION_CONDITIONS = DEBUG;
				SWIFT_OPTIMIZATION_LEVEL = "-Onone";
			};
			name = Debug;
		};
		D06DC11021BECD0300CF99AB /* Release */ = {
			isa = XCBuildConfiguration;
			buildSettings = {
				ALWAYS_SEARCH_USER_PATHS = NO;
				CLANG_ANALYZER_NONNULL = YES;
				CLANG_ANALYZER_NUMBER_OBJECT_CONVERSION = YES_AGGRESSIVE;
				CLANG_CXX_LANGUAGE_STANDARD = "gnu++14";
				CLANG_CXX_LIBRARY = "libc++";
				CLANG_ENABLE_MODULES = YES;
				CLANG_ENABLE_OBJC_ARC = YES;
				CLANG_ENABLE_OBJC_WEAK = YES;
				CLANG_WARN_BLOCK_CAPTURE_AUTORELEASING = YES;
				CLANG_WARN_BOOL_CONVERSION = YES;
				CLANG_WARN_COMMA = YES;
				CLANG_WARN_CONSTANT_CONVERSION = YES;
				CLANG_WARN_DEPRECATED_OBJC_IMPLEMENTATIONS = YES;
				CLANG_WARN_DIRECT_OBJC_ISA_USAGE = YES_ERROR;
				CLANG_WARN_DOCUMENTATION_COMMENTS = YES;
				CLANG_WARN_EMPTY_BODY = YES;
				CLANG_WARN_ENUM_CONVERSION = YES;
				CLANG_WARN_INFINITE_RECURSION = YES;
				CLANG_WARN_INT_CONVERSION = YES;
				CLANG_WARN_NON_LITERAL_NULL_CONVERSION = YES;
				CLANG_WARN_OBJC_IMPLICIT_RETAIN_SELF = YES;
				CLANG_WARN_OBJC_LITERAL_CONVERSION = YES;
				CLANG_WARN_OBJC_ROOT_CLASS = YES_ERROR;
				CLANG_WARN_RANGE_LOOP_ANALYSIS = YES;
				CLANG_WARN_STRICT_PROTOTYPES = YES;
				CLANG_WARN_SUSPICIOUS_MOVE = YES;
				CLANG_WARN_UNGUARDED_AVAILABILITY = YES_AGGRESSIVE;
				CLANG_WARN_UNREACHABLE_CODE = YES;
				CLANG_WARN__DUPLICATE_METHOD_MATCH = YES;
				CODE_SIGN_IDENTITY = "iPhone Developer";
				COPY_PHASE_STRIP = NO;
				DEBUG_INFORMATION_FORMAT = "dwarf-with-dsym";
				ENABLE_NS_ASSERTIONS = NO;
				ENABLE_STRICT_OBJC_MSGSEND = YES;
				GCC_C_LANGUAGE_STANDARD = gnu11;
				GCC_NO_COMMON_BLOCKS = YES;
				GCC_WARN_64_TO_32_BIT_CONVERSION = YES;
				GCC_WARN_ABOUT_RETURN_TYPE = YES_ERROR;
				GCC_WARN_UNDECLARED_SELECTOR = YES;
				GCC_WARN_UNINITIALIZED_AUTOS = YES_AGGRESSIVE;
				GCC_WARN_UNUSED_FUNCTION = YES;
				GCC_WARN_UNUSED_VARIABLE = YES;
				IPHONEOS_DEPLOYMENT_TARGET = 12.1;
				MTL_ENABLE_DEBUG_INFO = NO;
				MTL_FAST_MATH = YES;
				SDKROOT = iphoneos;
				SWIFT_COMPILATION_MODE = wholemodule;
				SWIFT_OPTIMIZATION_LEVEL = "-O";
				VALIDATE_PRODUCT = YES;
			};
			name = Release;
		};
		D06DC11221BECD0300CF99AB /* Debug */ = {
			isa = XCBuildConfiguration;
			buildSettings = {
				ASSETCATALOG_COMPILER_APPICON_NAME = AppIcon;
				CLANG_ENABLE_MODULES = YES;
				CODE_SIGN_STYLE = Automatic;
				DEVELOPMENT_TEAM = RQUGBU2U53;
				INFOPLIST_FILE = "$(SRCROOT)/curiOsity/Supporting/Info.plist";
				IPHONEOS_DEPLOYMENT_TARGET = 12.0;
				LD_RUNPATH_SEARCH_PATHS = (
					"$(inherited)",
					"@executable_path/Frameworks",
				);
				PRODUCT_BUNDLE_IDENTIFIER = es.ipon.curiOsity;
				PRODUCT_NAME = "$(TARGET_NAME)";
				SWIFT_OBJC_BRIDGING_HEADER = "curiOsity/Supporting/curiOsity-Bridging-Header.h";
				SWIFT_OPTIMIZATION_LEVEL = "-Onone";
				SWIFT_VERSION = 4.2;
				TARGETED_DEVICE_FAMILY = "1,2";
			};
			name = Debug;
		};
		D06DC11321BECD0300CF99AB /* Release */ = {
			isa = XCBuildConfiguration;
			buildSettings = {
				ASSETCATALOG_COMPILER_APPICON_NAME = AppIcon;
				CLANG_ENABLE_MODULES = YES;
				CODE_SIGN_STYLE = Automatic;
				DEVELOPMENT_TEAM = RQUGBU2U53;
				INFOPLIST_FILE = "$(SRCROOT)/curiOsity/Supporting/Info.plist";
				IPHONEOS_DEPLOYMENT_TARGET = 12.0;
				LD_RUNPATH_SEARCH_PATHS = (
					"$(inherited)",
					"@executable_path/Frameworks",
				);
				PRODUCT_BUNDLE_IDENTIFIER = es.ipon.curiOsity;
				PRODUCT_NAME = "$(TARGET_NAME)";
				SWIFT_OBJC_BRIDGING_HEADER = "curiOsity/Supporting/curiOsity-Bridging-Header.h";
				SWIFT_VERSION = 4.2;
				TARGETED_DEVICE_FAMILY = "1,2";
			};
			name = Release;
		};
/* End XCBuildConfiguration section */

/* Begin XCConfigurationList section */
		D06DC0FA21BECCFF00CF99AB /* Build configuration list for PBXProject "curiOsity" */ = {
			isa = XCConfigurationList;
			buildConfigurations = (
				D06DC10F21BECD0300CF99AB /* Debug */,
				D06DC11021BECD0300CF99AB /* Release */,
			);
			defaultConfigurationIsVisible = 0;
			defaultConfigurationName = Release;
		};
		D06DC11121BECD0300CF99AB /* Build configuration list for PBXNativeTarget "curiOsity" */ = {
			isa = XCConfigurationList;
			buildConfigurations = (
				D06DC11221BECD0300CF99AB /* Debug */,
				D06DC11321BECD0300CF99AB /* Release */,
			);
			defaultConfigurationIsVisible = 0;
			defaultConfigurationName = Release;
		};
/* End XCConfigurationList section */
	};
	rootObject = D06DC0F721BECCFF00CF99AB /* Project object */;
}
